
Microsoft Visual Studio Solution File, Format Version 12.00
# Visual Studio Version 17
VisualStudioVersion = 17.10.35013.160
MinimumVisualStudioVersion = 10.0.40219.1
Project("{FAE04EC0-301F-11D3-BF4B-00C04F79EFBC}") = "tinydaw", "tinydaw\tinydaw.csproj", "{577BA760-48BE-445C-B4C5-C1533594119F}"
EndProject
Global
	GlobalSection(SolutionConfigurationPlatforms) = preSolution
		Debug|Any CPU = Debug|Any CPU
		Release|Any CPU = Release|Any CPU
	EndGlobalSection
	GlobalSection(ProjectConfigurationPlatforms) = postSolution
		{577BA760-48BE-445C-B4C5-C1533594119F}.Debug|Any CPU.ActiveCfg = Debug|Any CPU
		{577BA760-48BE-445C-B4C5-C1533594119F}.Debug|Any CPU.Build.0 = Debug|Any CPU
		{577BA760-48BE-445C-B4C5-C1533594119F}.Release|Any CPU.ActiveCfg = Release|Any CPU
		{577BA760-48BE-445C-B4C5-C1533594119F}.Release|Any CPU.Build.0 = Release|Any CPU
	EndGlobalSection
	GlobalSection(SolutionProperties) = preSolution
		HideSolutionNode = FALSE
	EndGlobalSection
	GlobalSection(ExtensibilityGlobals) = postSolution
		SolutionGuid = {6018AE35-AB34-4C20-9AD0-21336A0931C9}
	EndGlobalSection
EndGlobal
